
Microsoft Visual Studio Solution File, Format Version 12.00
# Visual Studio Version 17
VisualStudioVersion = 17.3.32825.248
MinimumVisualStudioVersion = 10.0.40219.1
Project("{FAE04EC0-301F-11D3-BF4B-00C04F79EFBC}") = "PatikaRestfulApiOdev", "PatikaRestfulApiOdev\PatikaRestfulApiOdev.csproj", "{A51C428A-2FAA-4374-AB4E-BFFC06B713ED}"
EndProject
Global
	GlobalSection(SolutionConfigurationPlatforms) = preSolution
		Debug|Any CPU = Debug|Any CPU
		Release|Any CPU = Release|Any CPU
	EndGlobalSection
	GlobalSection(ProjectConfigurationPlatforms) = postSolution
		{A51C428A-2FAA-4374-AB4E-BFFC06B713ED}.Debug|Any CPU.ActiveCfg = Debug|Any CPU
		{A51C428A-2FAA-4374-AB4E-BFFC06B713ED}.Debug|Any CPU.Build.0 = Debug|Any CPU
		{A51C428A-2FAA-4374-AB4E-BFFC06B713ED}.Release|Any CPU.ActiveCfg = Release|Any CPU
		{A51C428A-2FAA-4374-AB4E-BFFC06B713ED}.Release|Any CPU.Build.0 = Release|Any CPU
	EndGlobalSection
	GlobalSection(SolutionProperties) = preSolution
		HideSolutionNode = FALSE
	EndGlobalSection
	GlobalSection(ExtensibilityGlobals) = postSolution
		SolutionGuid = {CFC6BB17-4DD1-46DC-8843-6BD20CB63290}
	EndGlobalSection
EndGlobal
